
Microsoft Visual Studio Solution File, Format Version 12.00
# Visual Studio 15
Project("{FAE04EC0-301F-11D3-BF4B-00C04F79EFBC}") = "UniRx", "UniRx.csproj", "{4B659B76-2023-6720-3078-48E9D1B29CAC}"
EndProject
Project("{FAE04EC0-301F-11D3-BF4B-00C04F79EFBC}") = "Assembly-CSharp", "Assembly-CSharp.csproj", "{77A84990-FD1F-4075-3548-3049FF82E5B1}"
EndProject
Project("{FAE04EC0-301F-11D3-BF4B-00C04F79EFBC}") = "UniRx.Examples", "UniRx.Examples.csproj", "{D4E40A6C-4538-E8BB-BD96-DEADC381FA94}"
EndProject
Project("{FAE04EC0-301F-11D3-BF4B-00C04F79EFBC}") = "Assembly-CSharp-firstpass", "Assembly-CSharp-firstpass.csproj", "{8F355AAB-8B60-638F-41F8-E94DE0737905}"
EndProject
Global
	GlobalSection(SolutionConfigurationPlatforms) = preSolution
		Debug|Any CPU = Debug|Any CPU
		Release|Any CPU = Release|Any CPU
	EndGlobalSection
	GlobalSection(ProjectConfigurationPlatforms) = postSolution
		{4B659B76-2023-6720-3078-48E9D1B29CAC}.Debug|Any CPU.ActiveCfg = Debug|Any CPU
		{4B659B76-2023-6720-3078-48E9D1B29CAC}.Debug|Any CPU.Build.0 = Debug|Any CPU
		{4B659B76-2023-6720-3078-48E9D1B29CAC}.Release|Any CPU.ActiveCfg = Release|Any CPU
		{4B659B76-2023-6720-3078-48E9D1B29CAC}.Release|Any CPU.Build.0 = Release|Any CPU
		{77A84990-FD1F-4075-3548-3049FF82E5B1}.Debug|Any CPU.ActiveCfg = Debug|Any CPU
		{77A84990-FD1F-4075-3548-3049FF82E5B1}.Debug|Any CPU.Build.0 = Debug|Any CPU
		{77A84990-FD1F-4075-3548-3049FF82E5B1}.Release|Any CPU.ActiveCfg = Release|Any CPU
		{77A84990-FD1F-4075-3548-3049FF82E5B1}.Release|Any CPU.Build.0 = Release|Any CPU
		{D4E40A6C-4538-E8BB-BD96-DEADC381FA94}.Debug|Any CPU.ActiveCfg = Debug|Any CPU
		{D4E40A6C-4538-E8BB-BD96-DEADC381FA94}.Debug|Any CPU.Build.0 = Debug|Any CPU
		{D4E40A6C-4538-E8BB-BD96-DEADC381FA94}.Release|Any CPU.ActiveCfg = Release|Any CPU
		{D4E40A6C-4538-E8BB-BD96-DEADC381FA94}.Release|Any CPU.Build.0 = Release|Any CPU
		{8F355AAB-8B60-638F-41F8-E94DE0737905}.Debug|Any CPU.ActiveCfg = Debug|Any CPU
		{8F355AAB-8B60-638F-41F8-E94DE0737905}.Debug|Any CPU.Build.0 = Debug|Any CPU
		{8F355AAB-8B60-638F-41F8-E94DE0737905}.Release|Any CPU.ActiveCfg = Release|Any CPU
		{8F355AAB-8B60-638F-41F8-E94DE0737905}.Release|Any CPU.Build.0 = Release|Any CPU
	EndGlobalSection
	GlobalSection(SolutionProperties) = preSolution
		HideSolutionNode = FALSE
	EndGlobalSection
EndGlobal
